Microsoft Visual Studio Solution File, Format Version 12.00
# Visual Studio 15
VisualStudioVersion = 15.0.36001.139
MinimumVisualStudioVersion = 10.0.40219.1
Project("{8BC9CEB8-8B4A-11D0-8D11-00A0C91BC942}") = "Client", "Client.vcxproj", "{6E0E87FE-703E-439E-A962-00155AC3B745}"
EndProject
Global
	GlobalSection(SolutionConfigurationPlatforms) = preSolution
		Debug|x86 = Debug|x86
		Release|x86 = Release|x86
	EndGlobalSection
	GlobalSection(ProjectConfigurationPlatforms) = postSolution
		{6E0E87FE-703E-439E-A962-00155AC3B745}.Debug|x86.ActiveCfg = Debug|Win32
		{6E0E87FE-703E-439E-A962-00155AC3B745}.Debug|x86.Build.0 = Debug|Win32
		{6E0E87FE-703E-439E-A962-00155AC3B745}.Release|x86.ActiveCfg = Release|Win32
		{6E0E87FE-703E-439E-A962-00155AC3B745}.Release|x86.Build.0 = Release|Win32
	EndGlobalSection
	GlobalSection(SolutionProperties) = preSolution
		HideSolutionNode = FALSE
	EndGlobalSection
	GlobalSection(ExtensibilityGlobals) = postSolution
		SolutionGuid = {4DB91299-05FD-4BAD-AF0C-BD205A718F40}
	EndGlobalSection
EndGlobal
